
Microsoft Visual Studio Solution File, Format Version 12.00
# Visual Studio Version 17
VisualStudioVersion = 17.3.32901.215
MinimumVisualStudioVersion = 10.0.40219.1
Project("{9A19103F-16F7-4668-BE54-9A1E7A4F7556}") = "DressUp_Tests", "DressUp_Tests\DressUp_Tests.csproj", "{B8451CB8-B68F-4784-8048-8D674A11BB64}"
EndProject
Project("{FAE04EC0-301F-11D3-BF4B-00C04F79EFBC}") = "DressUp_Logic", "DressUp_Logic\DressUp_Logic.csproj", "{49C854F1-017E-45B4-AD92-38C095EC1871}"
EndProject
Global
	GlobalSection(SolutionConfigurationPlatforms) = preSolution
		Debug|Any CPU = Debug|Any CPU
		Release|Any CPU = Release|Any CPU
	EndGlobalSection
	GlobalSection(ProjectConfigurationPlatforms) = postSolution
		{B8451CB8-B68F-4784-8048-8D674A11BB64}.Debug|Any CPU.ActiveCfg = Debug|Any CPU
		{B8451CB8-B68F-4784-8048-8D674A11BB64}.Debug|Any CPU.Build.0 = Debug|Any CPU
		{B8451CB8-B68F-4784-8048-8D674A11BB64}.Release|Any CPU.ActiveCfg = Release|Any CPU
		{B8451CB8-B68F-4784-8048-8D674A11BB64}.Release|Any CPU.Build.0 = Release|Any CPU
		{49C854F1-017E-45B4-AD92-38C095EC1871}.Debug|Any CPU.ActiveCfg = Debug|Any CPU
		{49C854F1-017E-45B4-AD92-38C095EC1871}.Debug|Any CPU.Build.0 = Debug|Any CPU
		{49C854F1-017E-45B4-AD92-38C095EC1871}.Release|Any CPU.ActiveCfg = Release|Any CPU
		{49C854F1-017E-45B4-AD92-38C095EC1871}.Release|Any CPU.Build.0 = Release|Any CPU
	EndGlobalSection
	GlobalSection(SolutionProperties) = preSolution
		HideSolutionNode = FALSE
	EndGlobalSection
	GlobalSection(ExtensibilityGlobals) = postSolution
		SolutionGuid = {8675B392-9D3A-4D64-85CC-BAF8101BD764}
	EndGlobalSection
EndGlobal
